// !$*UTF8*$!
{
	archiveVersion = 1;
	classes = {
	};
	objectVersion = 46;
	objects = {

/* Begin PBXBuildFile section */
		439C2D341CDF981B00201639 /* main.m in Sources */ = {isa = PBXBuildFile; fileRef = 439C2D331CDF981B00201639 /* main.m */; };
		439C2D371CDF981B00201639 /* AppDelegate.m in Sources */ = {isa = PBXBuildFile; fileRef = 439C2D361CDF981B00201639 /* AppDelegate.m */; };
		439C2D3D1CDF981B00201639 /* Main.storyboard in Resources */ = {isa = PBXBuildFile; fileRef = 439C2D3B1CDF981B00201639 /* Main.storyboard */; };
		439C2D3F1CDF981B00201639 /* Assets.xcassets in Resources */ = {isa = PBXBuildFile; fileRef = 439C2D3E1CDF981B00201639 /* Assets.xcassets */; };
		439C2D421CDF981B00201639 /* LaunchScreen.storyboard in Resources */ = {isa = PBXBuildFile; fileRef = 439C2D401CDF981B00201639 /* LaunchScreen.storyboard */; };
		439C2D4D1CDF981B00201639 /* BiggerTests.m in Sources */ = {isa = PBXBuildFile; fileRef = 439C2D4C1CDF981B00201639 /* BiggerTests.m */; };
		439C2D581CDF981B00201639 /* BiggerUITests.m in Sources */ = {isa = PBXBuildFile; fileRef = 439C2D571CDF981B00201639 /* BiggerUITests.m */; };
		439C2D681CDF9DFA00201639 /* LoginViewController.m in Sources */ = {isa = PBXBuildFile; fileRef = 439C2D671CDF9DFA00201639 /* LoginViewController.m */; };
		F46B3C567DF2C6D36BABA180 /* Pods_Bigger.framework in Frameworks */ = {isa = PBXBuildFile; fileRef = A5B398F094CA003AB05DBC40 /* Pods_Bigger.framework */; };
/* End PBXBuildFile section */

/* Begin PBXContainerItemProxy section */
		439C2D491CDF981B00201639 /* PBXContainerItemProxy */ = {
			isa = PBXContainerItemProxy;
			containerPortal = 439C2D271CDF981B00201639 /* Project object */;
			proxyType = 1;
			remoteGlobalIDString = 439C2D2E1CDF981B00201639;
			remoteInfo = Bigger;
		};
		439C2D541CDF981B00201639 /* PBXContainerItemProxy */ = {
			isa = PBXContainerItemProxy;
			containerPortal = 439C2D271CDF981B00201639 /* Project object */;
			proxyType = 1;
			remoteGlobalIDString = 439C2D2E1CDF981B00201639;
			remoteInfo = Bigger;
		};
/* End PBXContainerItemProxy section */

/* Begin PBXFileReference section */
		439C2D2F1CDF981B00201639 /* Bigger.app */ = {isa = PBXFileReference; explicitFileType = wrapper.application; includeInIndex = 0; path = Bigger.app; sourceTree = BUILT_PRODUCTS_DIR; };
		439C2D331CDF981B00201639 /* main.m */ = {isa = PBXFileReference; lastKnownFileType = sourcecode.c.objc; path = main.m; sourceTree = "<group>"; };
		439C2D351CDF981B00201639 /* AppDelegate.h */ = {isa = PBXFileReference; lastKnownFileType = sourcecode.c.h; path = AppDelegate.h; sourceTree = "<group>"; };
		439C2D361CDF981B00201639 /* AppDelegate.m */ = {isa = PBXFileReference; lastKnownFileType = sourcecode.c.objc; path = AppDelegate.m; sourceTree = "<group>"; };
		439C2D3C1CDF981B00201639 /* Base */ = {isa = PBXFileReference; lastKnownFileType = file.storyboard; name = Base; path = Base.lproj/Main.storyboard; sourceTree = "<group>"; };
		439C2D3E1CDF981B00201639 /* Assets.xcassets */ = {isa = PBXFileReference; lastKnownFileType = folder.assetcatalog; path = Assets.xcassets; sourceTree = "<group>"; };
		439C2D411CDF981B00201639 /* Base */ = {isa = PBXFileReference; lastKnownFileType = file.storyboard; name = Base; path = Base.lproj/LaunchScreen.storyboard; sourceTree = "<group>"; };
		439C2D431CDF981B00201639 /* Info.plist */ = {isa = PBXFileReference; lastKnownFileType = text.plist.xml; path = Info.plist; sourceTree = "<group>"; };
		439C2D481CDF981B00201639 /* BiggerTests.xctest */ = {isa = PBXFileReference; explicitFileType = wrapper.cfbundle; includeInIndex = 0; path = BiggerTests.xctest; sourceTree = BUILT_PRODUCTS_DIR; };
		439C2D4C1CDF981B00201639 /* BiggerTests.m */ = {isa = PBXFileReference; lastKnownFileType = sourcecode.c.objc; path = BiggerTests.m; sourceTree = "<group>"; };
		439C2D4E1CDF981B00201639 /* Info.plist */ = {isa = PBXFileReference; lastKnownFileType = text.plist.xml; path = Info.plist; sourceTree = "<group>"; };
		439C2D531CDF981B00201639 /* BiggerUITests.xctest */ = {isa = PBXFileReference; explicitFileType = wrapper.cfbundle; includeInIndex = 0; path = BiggerUITests.xctest; sourceTree = BUILT_PRODUCTS_DIR; };
		439C2D571CDF981B00201639 /* BiggerUITests.m */ = {isa = PBXFileReference; lastKnownFileType = sourcecode.c.objc; path = BiggerUITests.m; sourceTree = "<group>"; };
		439C2D591CDF981B00201639 /* Info.plist */ = {isa = PBXFileReference; lastKnownFileType = text.plist.xml; path = Info.plist; sourceTree = "<group>"; };
		439C2D661CDF9DFA00201639 /* LoginViewController.h */ = {isa = PBXFileReference; fileEncoding = 4; lastKnownFileType = sourcecode.c.h; path = LoginViewController.h; sourceTree = "<group>"; };
		439C2D671CDF9DFA00201639 /* LoginViewController.m */ = {isa = PBXFileReference; fileEncoding = 4; lastKnownFileType = sourcecode.c.objc; path = LoginViewController.m; sourceTree = "<group>"; };
		A5B398F094CA003AB05DBC40 /* Pods_Bigger.framework */ = {isa = PBXFileReference; explicitFileType = wrapper.framework; includeInIndex = 0; path = Pods_Bigger.framework; sourceTree = BUILT_PRODUCTS_DIR; };
		F0E7B294C7BC5978AB10C9C7 /* Pods-Bigger.release.xcconfig */ = {isa = PBXFileReference; includeInIndex = 1; lastKnownFileType = text.xcconfig; name = "Pods-Bigger.release.xcconfig"; path = "Pods/Target Support Files/Pods-Bigger/Pods-Bigger.release.xcconfig"; sourceTree = "<group>"; };
		FAB652F5AE6C092B450A034C /* Pods-Bigger.debug.xcconfig */ = {isa = PBXFileReference; includeInIndex = 1; lastKnownFileType = text.xcconfig; name = "Pods-Bigger.debug.xcconfig"; path = "Pods/Target Support Files/Pods-Bigger/Pods-Bigger.debug.xcconfig"; sourceTree = "<group>"; };
/* End PBXFileReference section */

/* Begin PBXFrameworksBuildPhase section */
		439C2D2C1CDF981B00201639 /* Frameworks */ = {
			isa = PBXFrameworksBuildPhase;
			buildActionMask = 2147483647;
			files = (
				F46B3C567DF2C6D36BABA180 /* Pods_Bigger.framework in Frameworks */,
			);
			runOnlyForDeploymentPostprocessing = 0;
		};
		439C2D451CDF981B00201639 /* Frameworks */ = {
			isa = PBXFrameworksBuildPhase;
			buildActionMask = 2147483647;
			files = (
			);
			runOnlyForDeploymentPostprocessing = 0;
		};
		439C2D501CDF981B00201639 /* Frameworks */ = {
			isa = PBXFrameworksBuildPhase;
			buildActionMask = 2147483647;
			files = (
			);
			runOnlyForDeploymentPostprocessing = 0;
		};
/* End PBXFrameworksBuildPhase section */

/* Begin PBXGroup section */
		3B0795856B49EE156DFB7622 /* Frameworks */ = {
			isa = PBXGroup;
			children = (
				A5B398F094CA003AB05DBC40 /* Pods_Bigger.framework */,
			);
			name = Frameworks;
			sourceTree = "<group>";
		};
		439C2D261CDF981B00201639 = {
			isa = PBXGroup;
			children = (
				439C2D311CDF981B00201639 /* Bigger */,
				439C2D4B1CDF981B00201639 /* BiggerTests */,
				439C2D561CDF981B00201639 /* BiggerUITests */,
				439C2D301CDF981B00201639 /* Products */,
				B7D1FB8BC5798B7E6726987B /* Pods */,
				3B0795856B49EE156DFB7622 /* Frameworks */,
			);
			sourceTree = "<group>";
		};
		439C2D301CDF981B00201639 /* Products */ = {
			isa = PBXGroup;
			children = (
				439C2D2F1CDF981B00201639 /* Bigger.app */,
				439C2D481CDF981B00201639 /* BiggerTests.xctest */,
				439C2D531CDF981B00201639 /* BiggerUITests.xctest */,
			);
			name = Products;
			sourceTree = "<group>";
		};
		439C2D311CDF981B00201639 /* Bigger */ = {
			isa = PBXGroup;
			children = (
				439C2D651CDF9DD000201639 /* Controller */,
				439C2D691CDF9E1500201639 /* Others */,
				439C2D321CDF981B00201639 /* Supporting Files */,
			);
			path = Bigger;
			sourceTree = "<group>";
		};
		439C2D321CDF981B00201639 /* Supporting Files */ = {
			isa = PBXGroup;
			children = (
				439C2D331CDF981B00201639 /* main.m */,
			);
			name = "Supporting Files";
			sourceTree = "<group>";
		};
		439C2D4B1CDF981B00201639 /* BiggerTests */ = {
			isa = PBXGroup;
			children = (
				439C2D4C1CDF981B00201639 /* BiggerTests.m */,
				439C2D4E1CDF981B00201639 /* Info.plist */,
			);
			path = BiggerTests;
			sourceTree = "<group>";
		};
		439C2D561CDF981B00201639 /* BiggerUITests */ = {
			isa = PBXGroup;
			children = (
				439C2D571CDF981B00201639 /* BiggerUITests.m */,
				439C2D591CDF981B00201639 /* Info.plist */,
			);
			path = BiggerUITests;
			sourceTree = "<group>";
		};
		439C2D651CDF9DD000201639 /* Controller */ = {
			isa = PBXGroup;
			children = (
				439C2D661CDF9DFA00201639 /* LoginViewController.h */,
				439C2D671CDF9DFA00201639 /* LoginViewController.m */,
			);
			name = Controller;
			sourceTree = "<group>";
		};
		439C2D691CDF9E1500201639 /* Others */ = {
			isa = PBXGroup;
			children = (
				439C2D351CDF981B00201639 /* AppDelegate.h */,
				439C2D361CDF981B00201639 /* AppDelegate.m */,
				439C2D3B1CDF981B00201639 /* Main.storyboard */,
				439C2D3E1CDF981B00201639 /* Assets.xcassets */,
				439C2D401CDF981B00201639 /* LaunchScreen.storyboard */,
				439C2D431CDF981B00201639 /* Info.plist */,
			);
			name = Others;
			sourceTree = "<group>";
		};
		B7D1FB8BC5798B7E6726987B /* Pods */ = {
			isa = PBXGroup;
			children = (
				FAB652F5AE6C092B450A034C /* Pods-Bigger.debug.xcconfig */,
				F0E7B294C7BC5978AB10C9C7 /* Pods-Bigger.release.xcconfig */,
			);
			name = Pods;
			sourceTree = "<group>";
		};
/* End PBXGroup section */

/* Begin PBXNativeTarget section */
		439C2D2E1CDF981B00201639 /* Bigger */ = {
			isa = PBXNativeTarget;
			buildConfigurationList = 439C2D5C1CDF981B00201639 /* Build configuration list for PBXNativeTarget "Bigger" */;
			buildPhases = (
				54100F96DD94F0F6B241DBF6 /* 📦 Check Pods Manifest.lock */,
				439C2D2B1CDF981B00201639 /* Sources */,
				439C2D2C1CDF981B00201639 /* Frameworks */,
				439C2D2D1CDF981B00201639 /* Resources */,
				02AD6AD1E7801AB11FEB892A /* 📦 Embed Pods Frameworks */,
				EC0AD90D10528A19332D8500 /* 📦 Copy Pods Resources */,
			);
			buildRules = (
			);
			dependencies = (
			);
			name = Bigger;
			productName = Bigger;
			productReference = 439C2D2F1CDF981B00201639 /* Bigger.app */;
			productType = "com.apple.product-type.application";
		};
		439C2D471CDF981B00201639 /* BiggerTests */ = {
			isa = PBXNativeTarget;
			buildConfigurationList = 439C2D5F1CDF981B00201639 /* Build configuration list for PBXNativeTarget "BiggerTests" */;
			buildPhases = (
				439C2D441CDF981B00201639 /* Sources */,
				439C2D451CDF981B00201639 /* Frameworks */,
				439C2D461CDF981B00201639 /* Resources */,
			);
			buildRules = (
			);
			dependencies = (
				439C2D4A1CDF981B00201639 /* PBXTargetDependency */,
			);
			name = BiggerTests;
			productName = BiggerTests;
			productReference = 439C2D481CDF981B00201639 /* BiggerTests.xctest */;
			productType = "com.apple.product-type.bundle.unit-test";
		};
		439C2D521CDF981B00201639 /* BiggerUITests */ = {
			isa = PBXNativeTarget;
			buildConfigurationList = 439C2D621CDF981B00201639 /* Build configuration list for PBXNativeTarget "BiggerUITests" */;
			buildPhases = (
				439C2D4F1CDF981B00201639 /* Sources */,
				439C2D501CDF981B00201639 /* Frameworks */,
				439C2D511CDF981B00201639 /* Resources */,
			);
			buildRules = (
			);
			dependencies = (
				439C2D551CDF981B00201639 /* PBXTargetDependency */,
			);
			name = BiggerUITests;
			productName = BiggerUITests;
			productReference = 439C2D531CDF981B00201639 /* BiggerUITests.xctest */;
			productType = "com.apple.product-type.bundle.ui-testing";
		};
/* End PBXNativeTarget section */

/* Begin PBXProject section */
		439C2D271CDF981B00201639 /* Project object */ = {
			isa = PBXProject;
			attributes = {
				LastUpgradeCheck = 0730;
				ORGANIZATIONNAME = Departures;
				TargetAttributes = {
					439C2D2E1CDF981B00201639 = {
						CreatedOnToolsVersion = 7.3;
					};
					439C2D471CDF981B00201639 = {
						CreatedOnToolsVersion = 7.3;
						DevelopmentTeam = 9HSQ457UE9;
						TestTargetID = 439C2D2E1CDF981B00201639;
					};
					439C2D521CDF981B00201639 = {
						CreatedOnToolsVersion = 7.3;
						DevelopmentTeam = 9HSQ457UE9;
						TestTargetID = 439C2D2E1CDF981B00201639;
					};
				};
			};
			buildConfigurationList = 439C2D2A1CDF981B00201639 /* Build configuration list for PBXProject "Bigger" */;
			compatibilityVersion = "Xcode 3.2";
			developmentRegion = English;
			hasScannedForEncodings = 0;
			knownRegions = (
				en,
				Base,
			);
			mainGroup = 439C2D261CDF981B00201639;
			productRefGroup = 439C2D301CDF981B00201639 /* Products */;
			projectDirPath = "";
			projectRoot = "";
			targets = (
				439C2D2E1CDF981B00201639 /* Bigger */,
				439C2D471CDF981B00201639 /* BiggerTests */,
				439C2D521CDF981B00201639 /* BiggerUITests */,
			);
		};
/* End PBXProject section */

/* Begin PBXResourcesBuildPhase section */
		439C2D2D1CDF981B00201639 /* Resources */ = {
			isa = PBXResourcesBuildPhase;
			buildActionMask = 2147483647;
			files = (
				439C2D421CDF981B00201639 /* LaunchScreen.storyboard in Resources */,
				439C2D3F1CDF981B00201639 /* Assets.xcassets in Resources */,
				439C2D3D1CDF981B00201639 /* Main.storyboard in Resources */,
			);
			runOnlyForDeploymentPostprocessing = 0;
		};
		439C2D461CDF981B00201639 /* Resources */ = {
			isa = PBXResourcesBuildPhase;
			buildActionMask = 2147483647;
			files = (
			);
			runOnlyForDeploymentPostprocessing = 0;
		};
		439C2D511CDF981B00201639 /* Resources */ = {
			isa = PBXResourcesBuildPhase;
			buildActionMask = 2147483647;
			files = (
			);
			runOnlyForDeploymentPostprocessing = 0;
		};
/* End PBXResourcesBuildPhase section */

/* Begin PBXShellScriptBuildPhase section */
		02AD6AD1E7801AB11FEB892A /* 📦 Embed Pods Frameworks */ = {
			isa = PBXShellScriptBuildPhase;
			buildActionMask = 2147483647;
			files = (
			);
			inputPaths = (
			);
			name = "📦 Embed Pods Frameworks";
			outputPaths = (
			);
			runOnlyForDeploymentPostprocessing = 0;
			shellPath = /bin/sh;
			shellScript = "\"${SRCROOT}/Pods/Target Support Files/Pods-Bigger/Pods-Bigger-frameworks.sh\"\n";
			showEnvVarsInLog = 0;
		};
		54100F96DD94F0F6B241DBF6 /* 📦 Check Pods Manifest.lock */ = {
			isa = PBXShellScriptBuildPhase;
			buildActionMask = 2147483647;
			files = (
			);
			inputPaths = (
			);
			name = "📦 Check Pods Manifest.lock";
			outputPaths = (
			);
			runOnlyForDeploymentPostprocessing = 0;
			shellPath = /bin/sh;
			shellScript = "diff \"${PODS_ROOT}/../Podfile.lock\" \"${PODS_ROOT}/Manifest.lock\" > /dev/null\nif [[ $? != 0 ]] ; then\n    cat << EOM\nerror: The sandbox is not in sync with the Podfile.lock. Run 'pod install' or update your CocoaPods installation.\nEOM\n    exit 1\nfi\n";
			showEnvVarsInLog = 0;
		};
		EC0AD90D10528A19332D8500 /* 📦 Copy Pods Resources */ = {
			isa = PBXShellScriptBuildPhase;
			buildActionMask = 2147483647;
			files = (
			);
			inputPaths = (
			);
			name = "📦 Copy Pods Resources";
			outputPaths = (
			);
			runOnlyForDeploymentPostprocessing = 0;
			shellPath = /bin/sh;
			shellScript = "\"${SRCROOT}/Pods/Target Support Files/Pods-Bigger/Pods-Bigger-resources.sh\"\n";
			showEnvVarsInLog = 0;
		};
/* End PBXShellScriptBuildPhase section */

/* Begin PBXSourcesBuildPhase section */
		439C2D2B1CDF981B00201639 /* Sources */ = {
			isa = PBXSourcesBuildPhase;
			buildActionMask = 2147483647;
			files = (
				439C2D371CDF981B00201639 /* AppDelegate.m in Sources */,
				439C2D341CDF981B00201639 /* main.m in Sources */,
				439C2D681CDF9DFA00201639 /* LoginViewController.m in Sources */,
			);
			runOnlyForDeploymentPostprocessing = 0;
		};
		439C2D441CDF981B00201639 /* Sources */ = {
			isa = PBXSourcesBuildPhase;
			buildActionMask = 2147483647;
			files = (
				439C2D4D1CDF981B00201639 /* BiggerTests.m in Sources */,
			);
			runOnlyForDeploymentPostprocessing = 0;
		};
		439C2D4F1CDF981B00201639 /* Sources */ = {
			isa = PBXSourcesBuildPhase;
			buildActionMask = 2147483647;
			files = (
				439C2D581CDF981B00201639 /* BiggerUITests.m in Sources */,
			);
			runOnlyForDeploymentPostprocessing = 0;
		};
/* End PBXSourcesBuildPhase section */

/* Begin PBXTargetDependency section */
		439C2D4A1CDF981B00201639 /* PBXTargetDependency */ = {
			isa = PBXTargetDependency;
			target = 439C2D2E1CDF981B00201639 /* Bigger */;
			targetProxy = 439C2D491CDF981B00201639 /* PBXContainerItemProxy */;
		};
		439C2D551CDF981B00201639 /* PBXTargetDependency */ = {
			isa = PBXTargetDependency;
			target = 439C2D2E1CDF981B00201639 /* Bigger */;
			targetProxy = 439C2D541CDF981B00201639 /* PBXContainerItemProxy */;
		};
/* End PBXTargetDependency section */

/* Begin PBXVariantGroup section */
		439C2D3B1CDF981B00201639 /* Main.storyboard */ = {
			isa = PBXVariantGroup;
			children = (
				439C2D3C1CDF981B00201639 /* Base */,
			);
			name = Main.storyboard;
			sourceTree = "<group>";
		};
		439C2D401CDF981B00201639 /* LaunchScreen.storyboard */ = {
			isa = PBXVariantGroup;
			children = (
				439C2D411CDF981B00201639 /* Base */,
			);
			name = LaunchScreen.storyboard;
			sourceTree = "<group>";
		};
/* End PBXVariantGroup section */

/* Begin XCBuildConfiguration section */
		439C2D5A1CDF981B00201639 /* Debug */ = {
			isa = XCBuildConfiguration;
			buildSettings = {
				ALWAYS_SEARCH_USER_PATHS = NO;
				CLANG_ANALYZER_NONNULL = YES;
				CLANG_CXX_LANGUAGE_STANDARD = "gnu++0x";
				CLANG_CXX_LIBRARY = "libc++";
				CLANG_ENABLE_MODULES = YES;
				CLANG_ENABLE_OBJC_ARC = YES;
				CLANG_WARN_BOOL_CONVERSION = YES;
				CLANG_WARN_CONSTANT_CONVERSION = YES;
				CLANG_WARN_DIRECT_OBJC_ISA_USAGE = YES_ERROR;
				CLANG_WARN_EMPTY_BODY = YES;
				CLANG_WARN_ENUM_CONVERSION = YES;
				CLANG_WARN_INT_CONVERSION = YES;
				CLANG_WARN_OBJC_ROOT_CLASS = YES_ERROR;
				CLANG_WARN_UNREACHABLE_CODE = YES;
				CLANG_WARN__DUPLICATE_METHOD_MATCH = YES;
				"CODE_SIGN_IDENTITY[sdk=iphoneos*]" = "iPhone Developer";
				COPY_PHASE_STRIP = NO;
				DEBUG_INFORMATION_FORMAT = dwarf;
				ENABLE_STRICT_OBJC_MSGSEND = YES;
				ENABLE_TESTABILITY = YES;
				GCC_C_LANGUAGE_STANDARD = gnu99;
				GCC_DYNAMIC_NO_PIC = NO;
				GCC_NO_COMMON_BLOCKS = YES;
				GCC_OPTIMIZATION_LEVEL = 0;
				GCC_PREPROCESSOR_DEFINITIONS = (
					"DEBUG=1",
					"$(inherited)",
				);
				GCC_WARN_64_TO_32_BIT_CONVERSION = YES;
				GCC_WARN_ABOUT_RETURN_TYPE = YES_ERROR;
				GCC_WARN_UNDECLARED_SELECTOR = YES;
				GCC_WARN_UNINITIALIZED_AUTOS = YES_AGGRESSIVE;
				GCC_WARN_UNUSED_FUNCTION = YES;
				GCC_WARN_UNUSED_VARIABLE = YES;
				IPHONEOS_DEPLOYMENT_TARGET = 9.3;
				MTL_ENABLE_DEBUG_INFO = YES;
				ONLY_ACTIVE_ARCH = YES;
				SDKROOT = iphoneos;
				TARGETED_DEVICE_FAMILY = "1,2";
			};
			name = Debug;
		};
		439C2D5B1CDF981B00201639 /* Release */ = {
			isa = XCBuildConfiguration;
			buildSettings = {
				ALWAYS_SEARCH_USER_PATHS = NO;
				CLANG_ANALYZER_NONNULL = YES;
				CLANG_CXX_LANGUAGE_STANDARD = "gnu++0x";
				CLANG_CXX_LIBRARY = "libc++";
				CLANG_ENABLE_MODULES = YES;
				CLANG_ENABLE_OBJC_ARC = YES;
				CLANG_WARN_BOOL_CONVERSION = YES;
				CLANG_WARN_CONSTANT_CONVERSION = YES;
				CLANG_WARN_DIRECT_OBJC_ISA_USAGE = YES_ERROR;
				CLANG_WARN_EMPTY_BODY = YES;
				CLANG_WARN_ENUM_CONVERSION = YES;
				CLANG_WARN_INT_CONVERSION = YES;
				CLANG_WARN_OBJC_ROOT_CLASS = YES_ERROR;
				CLANG_WARN_UNREACHABLE_CODE = YES;
				CLANG_WARN__DUPLICATE_METHOD_MATCH = YES;
				"CODE_SIGN_IDENTITY[sdk=iphoneos*]" = "iPhone Developer";
				COPY_PHASE_STRIP = NO;
				DEBUG_INFORMATION_FORMAT = "dwarf-with-dsym";
				ENABLE_NS_ASSERTIONS = NO;
				ENABLE_STRICT_OBJC_MSGSEND = YES;
				GCC_C_LANGUAGE_STANDARD = gnu99;
				GCC_NO_COMMON_BLOCKS = YES;
				GCC_WARN_64_TO_32_BIT_CONVERSION = YES;
				GCC_WARN_ABOUT_RETURN_TYPE = YES_ERROR;
				GCC_WARN_UNDECLARED_SELECTOR = YES;
				GCC_WARN_UNINITIALIZED_AUTOS = YES_AGGRESSIVE;
				GCC_WARN_UNUSED_FUNCTION = YES;
				GCC_WARN_UNUSED_VARIABLE = YES;
				IPHONEOS_DEPLOYMENT_TARGET = 9.3;
				MTL_ENABLE_DEBUG_INFO = NO;
				SDKROOT = iphoneos;
				TARGETED_DEVICE_FAMILY = "1,2";
				VALIDATE_PRODUCT = YES;
			};
			name = Release;
		};
		439C2D5D1CDF981B00201639 /* Debug */ = {
			isa = XCBuildConfiguration;
			baseConfigurationReference = FAB652F5AE6C092B450A034C /* Pods-Bigger.debug.xcconfig */;
			buildSettings = {
				ASSETCATALOG_COMPILER_APPICON_NAME = AppIcon;
				CLANG_ENABLE_MODULES = YES;
				CODE_SIGN_IDENTITY = "iPhone Developer";
				INFOPLIST_FILE = Bigger/Info.plist;
				LD_RUNPATH_SEARCH_PATHS = "$(inherited) @executable_path/Frameworks";
				PRODUCT_BUNDLE_IDENTIFIER = Com.Crownor.Bigger;
				PRODUCT_NAME = "$(TARGET_NAME)";
				SWIFT_OBJC_BRIDGING_HEADER = "Bigger-Bridging-Header.h";
				SWIFT_OPTIMIZATION_LEVEL = "-Onone";
				USER_HEADER_SEARCH_PATHS = "${SRCROOT}/**";
			};
			name = Debug;
		};
		439C2D5E1CDF981B00201639 /* Release */ = {
			isa = XCBuildConfiguration;
			baseConfigurationReference = F0E7B294C7BC5978AB10C9C7 /* Pods-Bigger.release.xcconfig */;
			buildSettings = {
				ASSETCATALOG_COMPILER_APPICON_NAME = AppIcon;
				CLANG_ENABLE_MODULES = YES;
				CODE_SIGN_IDENTITY = "iPhone Developer";
				INFOPLIST_FILE = Bigger/Info.plist;
				LD_RUNPATH_SEARCH_PATHS = "$(inherited) @executable_path/Frameworks";
				PRODUCT_BUNDLE_IDENTIFIER = Com.Crownor.Bigger;
				PRODUCT_NAME = "$(TARGET_NAME)";
				SWIFT_OBJC_BRIDGING_HEADER = "Bigger-Bridging-Header.h";
				USER_HEADER_SEARCH_PATHS = "${SRCROOT}/**";
			};
			name = Release;
		};
		439C2D601CDF981B00201639 /* Debug */ = {
			isa = XCBuildConfiguration;
			buildSettings = {
				BUNDLE_LOADER = "$(TEST_HOST)";
				INFOPLIST_FILE = BiggerTests/Info.plist;
				LD_RUNPATH_SEARCH_PATHS = "$(inherited) @executable_path/Frameworks @loader_path/Frameworks";
				PRODUCT_BUNDLE_IDENTIFIER = Com.Crownor.BiggerTests;
				PRODUCT_NAME = "$(TARGET_NAME)";
				TEST_HOST = "$(BUILT_PRODUCTS_DIR)/Bigger.app/Bigger";
			};
			name = Debug;
		};
		439C2D611CDF981B00201639 /* Release */ = {
			isa = XCBuildConfiguration;
			buildSettings = {
				BUNDLE_LOADER = "$(TEST_HOST)";
				INFOPLIST_FILE = BiggerTests/Info.plist;
				LD_RUNPATH_SEARCH_PATHS = "$(inherited) @executable_path/Frameworks @loader_path/Frameworks";
				PRODUCT_BUNDLE_IDENTIFIER = Com.Crownor.BiggerTests;
				PRODUCT_NAME = "$(TARGET_NAME)";
				TEST_HOST = "$(BUILT_PRODUCTS_DIR)/Bigger.app/Bigger";
			};
			name = Release;
		};
		439C2D631CDF981B00201639 /* Debug */ = {
			isa = XCBuildConfiguration;
			buildSettings = {
				INFOPLIST_FILE = BiggerUITests/Info.plist;
				LD_RUNPATH_SEARCH_PATHS = "$(inherited) @executable_path/Frameworks @loader_path/Frameworks";
				PRODUCT_BUNDLE_IDENTIFIER = Com.Crownor.BiggerUITests;
				PRODUCT_NAME = "$(TARGET_NAME)";
				TEST_TARGET_NAME = Bigger;
			};
			name = Debug;
		};
		439C2D641CDF981B00201639 /* Release */ = {
			isa = XCBuildConfiguration;
			buildSettings = {
				INFOPLIST_FILE = BiggerUITests/Info.plist;
				LD_RUNPATH_SEARCH_PATHS = "$(inherited) @executable_path/Frameworks @loader_path/Frameworks";
				PRODUCT_BUNDLE_IDENTIFIER = Com.Crownor.BiggerUITests;
				PRODUCT_NAME = "$(TARGET_NAME)";
				TEST_TARGET_NAME = Bigger;
			};
			name = Release;
		};
/* End XCBuildConfiguration section */

/* Begin XCConfigurationList section */
		439C2D2A1CDF981B00201639 /* Build configuration list for PBXProject "Bigger" */ = {
			isa = XCConfigurationList;
			buildConfigurations = (
				439C2D5A1CDF981B00201639 /* Debug */,
				439C2D5B1CDF981B00201639 /* Release */,
			);
			defaultConfigurationIsVisible = 0;
			defaultConfigurationName = Release;
		};
		439C2D5C1CDF981B00201639 /* Build configuration list for PBXNativeTarget "Bigger" */ = {
			isa = XCConfigurationList;
			buildConfigurations = (
				439C2D5D1CDF981B00201639 /* Debug */,
				439C2D5E1CDF981B00201639 /* Release */,
			);
			defaultConfigurationIsVisible = 0;
			defaultConfigurationName = Release;
		};
		439C2D5F1CDF981B00201639 /* Build configuration list for PBXNativeTarget "BiggerTests" */ = {
			isa = XCConfigurationList;
			buildConfigurations = (
				439C2D601CDF981B00201639 /* Debug */,
				439C2D611CDF981B00201639 /* Release */,
			);
			defaultConfigurationIsVisible = 0;
			defaultConfigurationName = Release;
		};
		439C2D621CDF981B00201639 /* Build configuration list for PBXNativeTarget "BiggerUITests" */ = {
			isa = XCConfigurationList;
			buildConfigurations = (
				439C2D631CDF981B00201639 /* Debug */,
				439C2D641CDF981B00201639 /* Release */,
			);
			defaultConfigurationIsVisible = 0;
			defaultConfigurationName = Release;
		};
/* End XCConfigurationList section */
	};
	rootObject = 439C2D271CDF981B00201639 /* Project object */;
}
